
Microsoft Visual Studio Solution File, Format Version 12.00
# Visual Studio Version 17
VisualStudioVersion = 17.5.33424.131
MinimumVisualStudioVersion = 10.0.40219.1
Project("{FAE04EC0-301F-11D3-BF4B-00C04F79EFBC}") = "01. Sort Even Numbers", "01. Sort Even Numbers\01. Sort Even Numbers.csproj", "{2009C95E-25B3-4675-BC7D-1C46234F70D9}"
EndProject
Project("{FAE04EC0-301F-11D3-BF4B-00C04F79EFBC}") = "02. Sum Numbers", "02. Sum Numbers\02. Sum Numbers.csproj", "{571627CB-AAF7-4DF0-B9AF-A9F1936F4CA7}"
EndProject
Project("{FAE04EC0-301F-11D3-BF4B-00C04F79EFBC}") = "03. Count Uppercase Words", "03. Count Uppercase Words\03. Count Uppercase Words.csproj", "{7BCF3225-8BCF-4A9E-BEC3-4C822A8FFEBB}"
EndProject
Project("{FAE04EC0-301F-11D3-BF4B-00C04F79EFBC}") = "04. Add VAT", "04. Add VAT\04. Add VAT.csproj", "{82265F35-C0FA-4AB3-8ED3-534CC4B65513}"
EndProject
Project("{FAE04EC0-301F-11D3-BF4B-00C04F79EFBC}") = "05. Filter By Age", "05. Filter By Age\05. Filter By Age.csproj", "{7810A7D2-3D84-42D6-824B-ABF5D9A70A47}"
EndProject
Global
	GlobalSection(SolutionConfigurationPlatforms) = preSolution
		Debug|Any CPU = Debug|Any CPU
		Release|Any CPU = Release|Any CPU
	EndGlobalSection
	GlobalSection(ProjectConfigurationPlatforms) = postSolution
		{2009C95E-25B3-4675-BC7D-1C46234F70D9}.Debug|Any CPU.ActiveCfg = Debug|Any CPU
		{2009C95E-25B3-4675-BC7D-1C46234F70D9}.Debug|Any CPU.Build.0 = Debug|Any CPU
		{2009C95E-25B3-4675-BC7D-1C46234F70D9}.Release|Any CPU.ActiveCfg = Release|Any CPU
		{2009C95E-25B3-4675-BC7D-1C46234F70D9}.Release|Any CPU.Build.0 = Release|Any CPU
		{571627CB-AAF7-4DF0-B9AF-A9F1936F4CA7}.Debug|Any CPU.ActiveCfg = Debug|Any CPU
		{571627CB-AAF7-4DF0-B9AF-A9F1936F4CA7}.Debug|Any CPU.Build.0 = Debug|Any CPU
		{571627CB-AAF7-4DF0-B9AF-A9F1936F4CA7}.Release|Any CPU.ActiveCfg = Release|Any CPU
		{571627CB-AAF7-4DF0-B9AF-A9F1936F4CA7}.Release|Any CPU.Build.0 = Release|Any CPU
		{7BCF3225-8BCF-4A9E-BEC3-4C822A8FFEBB}.Debug|Any CPU.ActiveCfg = Debug|Any CPU
		{7BCF3225-8BCF-4A9E-BEC3-4C822A8FFEBB}.Debug|Any CPU.Build.0 = Debug|Any CPU
		{7BCF3225-8BCF-4A9E-BEC3-4C822A8FFEBB}.Release|Any CPU.ActiveCfg = Release|Any CPU
		{7BCF3225-8BCF-4A9E-BEC3-4C822A8FFEBB}.Release|Any CPU.Build.0 = Release|Any CPU
		{82265F35-C0FA-4AB3-8ED3-534CC4B65513}.Debug|Any CPU.ActiveCfg = Debug|Any CPU
		{82265F35-C0FA-4AB3-8ED3-534CC4B65513}.Debug|Any CPU.Build.0 = Debug|Any CPU
		{82265F35-C0FA-4AB3-8ED3-534CC4B65513}.Release|Any CPU.ActiveCfg = Release|Any CPU
		{82265F35-C0FA-4AB3-8ED3-534CC4B65513}.Release|Any CPU.Build.0 = Release|Any CPU
		{7810A7D2-3D84-42D6-824B-ABF5D9A70A47}.Debug|Any CPU.ActiveCfg = Debug|Any CPU
		{7810A7D2-3D84-42D6-824B-ABF5D9A70A47}.Debug|Any CPU.Build.0 = Debug|Any CPU
		{7810A7D2-3D84-42D6-824B-ABF5D9A70A47}.Release|Any CPU.ActiveCfg = Release|Any CPU
		{7810A7D2-3D84-42D6-824B-ABF5D9A70A47}.Release|Any CPU.Build.0 = Release|Any CPU
	EndGlobalSection
	GlobalSection(SolutionProperties) = preSolution
		HideSolutionNode = FALSE
	EndGlobalSection
	GlobalSection(ExtensibilityGlobals) = postSolution
		SolutionGuid = {84FA8EFC-2F1C-40F2-8FF6-545B7D96B889}
	EndGlobalSection
EndGlobal
