
Microsoft Visual Studio Solution File, Format Version 12.00
# Visual Studio Version 17
VisualStudioVersion = 17.5.33424.131
MinimumVisualStudioVersion = 10.0.40219.1
Project("{FAE04EC0-301F-11D3-BF4B-00C04F79EFBC}") = "01. Diagonal Difference", "01. Diagonal Difference\01. Diagonal Difference.csproj", "{AE95DD30-5A44-45A6-BEDD-0926C0145138}"
EndProject
Project("{FAE04EC0-301F-11D3-BF4B-00C04F79EFBC}") = "02. Squares in Matrix", "02. Squares in Matrix\02. Squares in Matrix.csproj", "{4105229D-3C64-49B3-94E4-4E2A3689C057}"
EndProject
Project("{FAE04EC0-301F-11D3-BF4B-00C04F79EFBC}") = "03. Maximal Sum", "03. Maximal Sum\03. Maximal Sum.csproj", "{819A0542-9DC6-4299-AF79-4FBF38370FDE}"
EndProject
Project("{FAE04EC0-301F-11D3-BF4B-00C04F79EFBC}") = "04. Matrix Shuffling", "04. Matrix Shuffling\04. Matrix Shuffling.csproj", "{7E4D30CF-9464-4235-8519-FCCFDA93125B}"
EndProject
Project("{FAE04EC0-301F-11D3-BF4B-00C04F79EFBC}") = "05. Snake Moves", "05. Snake Moves\05. Snake Moves.csproj", "{D1E464F7-37A4-4EAE-A991-02AC0CCE0895}"
EndProject
Global
	GlobalSection(SolutionConfigurationPlatforms) = preSolution
		Debug|Any CPU = Debug|Any CPU
		Release|Any CPU = Release|Any CPU
	EndGlobalSection
	GlobalSection(ProjectConfigurationPlatforms) = postSolution
		{AE95DD30-5A44-45A6-BEDD-0926C0145138}.Debug|Any CPU.ActiveCfg = Debug|Any CPU
		{AE95DD30-5A44-45A6-BEDD-0926C0145138}.Debug|Any CPU.Build.0 = Debug|Any CPU
		{AE95DD30-5A44-45A6-BEDD-0926C0145138}.Release|Any CPU.ActiveCfg = Release|Any CPU
		{AE95DD30-5A44-45A6-BEDD-0926C0145138}.Release|Any CPU.Build.0 = Release|Any CPU
		{4105229D-3C64-49B3-94E4-4E2A3689C057}.Debug|Any CPU.ActiveCfg = Debug|Any CPU
		{4105229D-3C64-49B3-94E4-4E2A3689C057}.Debug|Any CPU.Build.0 = Debug|Any CPU
		{4105229D-3C64-49B3-94E4-4E2A3689C057}.Release|Any CPU.ActiveCfg = Release|Any CPU
		{4105229D-3C64-49B3-94E4-4E2A3689C057}.Release|Any CPU.Build.0 = Release|Any CPU
		{819A0542-9DC6-4299-AF79-4FBF38370FDE}.Debug|Any CPU.ActiveCfg = Debug|Any CPU
		{819A0542-9DC6-4299-AF79-4FBF38370FDE}.Debug|Any CPU.Build.0 = Debug|Any CPU
		{819A0542-9DC6-4299-AF79-4FBF38370FDE}.Release|Any CPU.ActiveCfg = Release|Any CPU
		{819A0542-9DC6-4299-AF79-4FBF38370FDE}.Release|Any CPU.Build.0 = Release|Any CPU
		{7E4D30CF-9464-4235-8519-FCCFDA93125B}.Debug|Any CPU.ActiveCfg = Debug|Any CPU
		{7E4D30CF-9464-4235-8519-FCCFDA93125B}.Debug|Any CPU.Build.0 = Debug|Any CPU
		{7E4D30CF-9464-4235-8519-FCCFDA93125B}.Release|Any CPU.ActiveCfg = Release|Any CPU
		{7E4D30CF-9464-4235-8519-FCCFDA93125B}.Release|Any CPU.Build.0 = Release|Any CPU
		{D1E464F7-37A4-4EAE-A991-02AC0CCE0895}.Debug|Any CPU.ActiveCfg = Debug|Any CPU
		{D1E464F7-37A4-4EAE-A991-02AC0CCE0895}.Debug|Any CPU.Build.0 = Debug|Any CPU
		{D1E464F7-37A4-4EAE-A991-02AC0CCE0895}.Release|Any CPU.ActiveCfg = Release|Any CPU
		{D1E464F7-37A4-4EAE-A991-02AC0CCE0895}.Release|Any CPU.Build.0 = Release|Any CPU
	EndGlobalSection
	GlobalSection(SolutionProperties) = preSolution
		HideSolutionNode = FALSE
	EndGlobalSection
	GlobalSection(ExtensibilityGlobals) = postSolution
		SolutionGuid = {EF722D61-80F7-4697-9B3D-37B9E13AAF00}
	EndGlobalSection
EndGlobal
