
Microsoft Visual Studio Solution File, Format Version 12.00
# Visual Studio Version 17
VisualStudioVersion = 17.5.33424.131
MinimumVisualStudioVersion = 10.0.40219.1
Project("{9A19103F-16F7-4668-BE54-9A1E7A4F7556}") = "01. Offroad Challenge", "01. Offroad Challenge\01. Offroad Challenge.csproj", "{B9C7CE8C-51D4-4CEB-B733-B253E63B697C}"
EndProject
Project("{9A19103F-16F7-4668-BE54-9A1E7A4F7556}") = "02. Fishing Competition", "02. Fishing Competition\02. Fishing Competition.csproj", "{DF2EA73D-D3DB-400D-A406-BD2DE90A400A}"
EndProject
Project("{9A19103F-16F7-4668-BE54-9A1E7A4F7556}") = "MailClient", "MailClient\MailClient.csproj", "{C41AC475-ABB0-4645-9B43-BDE723B52186}"
EndProject
Global
	GlobalSection(SolutionConfigurationPlatforms) = preSolution
		Debug|Any CPU = Debug|Any CPU
		Release|Any CPU = Release|Any CPU
	EndGlobalSection
	GlobalSection(ProjectConfigurationPlatforms) = postSolution
		{B9C7CE8C-51D4-4CEB-B733-B253E63B697C}.Debug|Any CPU.ActiveCfg = Debug|Any CPU
		{B9C7CE8C-51D4-4CEB-B733-B253E63B697C}.Debug|Any CPU.Build.0 = Debug|Any CPU
		{B9C7CE8C-51D4-4CEB-B733-B253E63B697C}.Release|Any CPU.ActiveCfg = Release|Any CPU
		{B9C7CE8C-51D4-4CEB-B733-B253E63B697C}.Release|Any CPU.Build.0 = Release|Any CPU
		{DF2EA73D-D3DB-400D-A406-BD2DE90A400A}.Debug|Any CPU.ActiveCfg = Debug|Any CPU
		{DF2EA73D-D3DB-400D-A406-BD2DE90A400A}.Debug|Any CPU.Build.0 = Debug|Any CPU
		{DF2EA73D-D3DB-400D-A406-BD2DE90A400A}.Release|Any CPU.ActiveCfg = Release|Any CPU
		{DF2EA73D-D3DB-400D-A406-BD2DE90A400A}.Release|Any CPU.Build.0 = Release|Any CPU
		{C41AC475-ABB0-4645-9B43-BDE723B52186}.Debug|Any CPU.ActiveCfg = Debug|Any CPU
		{C41AC475-ABB0-4645-9B43-BDE723B52186}.Debug|Any CPU.Build.0 = Debug|Any CPU
		{C41AC475-ABB0-4645-9B43-BDE723B52186}.Release|Any CPU.ActiveCfg = Release|Any CPU
		{C41AC475-ABB0-4645-9B43-BDE723B52186}.Release|Any CPU.Build.0 = Release|Any CPU
	EndGlobalSection
	GlobalSection(SolutionProperties) = preSolution
		HideSolutionNode = FALSE
	EndGlobalSection
	GlobalSection(ExtensibilityGlobals) = postSolution
		SolutionGuid = {95ABC7FC-9999-4FE1-BB7B-617D28756A90}
	EndGlobalSection
EndGlobal
