
Microsoft Visual Studio Solution File, Format Version 12.00
# Visual Studio Version 17
VisualStudioVersion = 17.5.33424.131
MinimumVisualStudioVersion = 10.0.40219.1
Project("{9A19103F-16F7-4668-BE54-9A1E7A4F7556}") = "01. Define a Class Person", "01. Define a Class Person\01. Define a Class Person.csproj", "{79632CB9-DBE0-4292-B4D0-4BDB6F0FADDA}"
EndProject
Project("{9A19103F-16F7-4668-BE54-9A1E7A4F7556}") = "02. Creating Constructors", "02. Creating Constructors\02. Creating Constructors.csproj", "{0FD14CAD-FBAD-4980-8A6E-A8FCE7D815F8}"
EndProject
Project("{9A19103F-16F7-4668-BE54-9A1E7A4F7556}") = "03. OldestFamilyMember", "03. Oldest Family Member\03. OldestFamilyMember.csproj", "{271A5174-F2F3-412D-91C5-7DF634943F91}"
EndProject
Project("{9A19103F-16F7-4668-BE54-9A1E7A4F7556}") = "04.OpinionPoll", "04. Opinion Poll\04.OpinionPoll.csproj", "{5DD5C314-188C-4C8F-B964-8FB8F695D326}"
EndProject
Project("{9A19103F-16F7-4668-BE54-9A1E7A4F7556}") = "05.DateModifier", "05. Date Modifier\05.DateModifier.csproj", "{2F156F43-D893-4C19-BC55-6A445F5348F6}"
EndProject
Project("{9A19103F-16F7-4668-BE54-9A1E7A4F7556}") = "10.SoftUniParking", "10. SoftUni Parking\10.SoftUniParking.csproj", "{2942A069-2571-46AF-AA1B-DE5609F733EC}"
EndProject
Project("{9A19103F-16F7-4668-BE54-9A1E7A4F7556}") = "06.SpeedRacing", "06. Speed Racing\06.SpeedRacing.csproj", "{C42CE83F-6D27-4E3C-8B4E-C3694D36CA67}"
EndProject
Project("{FAE04EC0-301F-11D3-BF4B-00C04F79EFBC}") = "07.RawData", "07. Raw Data\07.RawData.csproj", "{D6DCDA38-1C31-4BB8-B23F-791F14B3F39B}"
EndProject
Project("{FAE04EC0-301F-11D3-BF4B-00C04F79EFBC}") = "08.CarSalesman", "08. Car Salesman\08.CarSalesman.csproj", "{5DFDFAE7-9EDA-4634-BF24-2B2B4B2C2482}"
EndProject
Project("{FAE04EC0-301F-11D3-BF4B-00C04F79EFBC}") = "09.PokemonTrainer", "09. Pokemon Trainer\09.PokemonTrainer.csproj", "{6193FDB3-85C1-4B2B-AA27-C84CB696398C}"
EndProject
Global
	GlobalSection(SolutionConfigurationPlatforms) = preSolution
		Debug|Any CPU = Debug|Any CPU
		Release|Any CPU = Release|Any CPU
	EndGlobalSection
	GlobalSection(ProjectConfigurationPlatforms) = postSolution
		{79632CB9-DBE0-4292-B4D0-4BDB6F0FADDA}.Debug|Any CPU.ActiveCfg = Debug|Any CPU
		{79632CB9-DBE0-4292-B4D0-4BDB6F0FADDA}.Debug|Any CPU.Build.0 = Debug|Any CPU
		{79632CB9-DBE0-4292-B4D0-4BDB6F0FADDA}.Release|Any CPU.ActiveCfg = Release|Any CPU
		{79632CB9-DBE0-4292-B4D0-4BDB6F0FADDA}.Release|Any CPU.Build.0 = Release|Any CPU
		{0FD14CAD-FBAD-4980-8A6E-A8FCE7D815F8}.Debug|Any CPU.ActiveCfg = Debug|Any CPU
		{0FD14CAD-FBAD-4980-8A6E-A8FCE7D815F8}.Debug|Any CPU.Build.0 = Debug|Any CPU
		{0FD14CAD-FBAD-4980-8A6E-A8FCE7D815F8}.Release|Any CPU.ActiveCfg = Release|Any CPU
		{0FD14CAD-FBAD-4980-8A6E-A8FCE7D815F8}.Release|Any CPU.Build.0 = Release|Any CPU
		{271A5174-F2F3-412D-91C5-7DF634943F91}.Debug|Any CPU.ActiveCfg = Debug|Any CPU
		{271A5174-F2F3-412D-91C5-7DF634943F91}.Debug|Any CPU.Build.0 = Debug|Any CPU
		{271A5174-F2F3-412D-91C5-7DF634943F91}.Release|Any CPU.ActiveCfg = Release|Any CPU
		{271A5174-F2F3-412D-91C5-7DF634943F91}.Release|Any CPU.Build.0 = Release|Any CPU
		{5DD5C314-188C-4C8F-B964-8FB8F695D326}.Debug|Any CPU.ActiveCfg = Debug|Any CPU
		{5DD5C314-188C-4C8F-B964-8FB8F695D326}.Debug|Any CPU.Build.0 = Debug|Any CPU
		{5DD5C314-188C-4C8F-B964-8FB8F695D326}.Release|Any CPU.ActiveCfg = Release|Any CPU
		{5DD5C314-188C-4C8F-B964-8FB8F695D326}.Release|Any CPU.Build.0 = Release|Any CPU
		{2F156F43-D893-4C19-BC55-6A445F5348F6}.Debug|Any CPU.ActiveCfg = Debug|Any CPU
		{2F156F43-D893-4C19-BC55-6A445F5348F6}.Debug|Any CPU.Build.0 = Debug|Any CPU
		{2F156F43-D893-4C19-BC55-6A445F5348F6}.Release|Any CPU.ActiveCfg = Release|Any CPU
		{2F156F43-D893-4C19-BC55-6A445F5348F6}.Release|Any CPU.Build.0 = Release|Any CPU
		{2942A069-2571-46AF-AA1B-DE5609F733EC}.Debug|Any CPU.ActiveCfg = Debug|Any CPU
		{2942A069-2571-46AF-AA1B-DE5609F733EC}.Debug|Any CPU.Build.0 = Debug|Any CPU
		{2942A069-2571-46AF-AA1B-DE5609F733EC}.Release|Any CPU.ActiveCfg = Release|Any CPU
		{2942A069-2571-46AF-AA1B-DE5609F733EC}.Release|Any CPU.Build.0 = Release|Any CPU
		{C42CE83F-6D27-4E3C-8B4E-C3694D36CA67}.Debug|Any CPU.ActiveCfg = Debug|Any CPU
		{C42CE83F-6D27-4E3C-8B4E-C3694D36CA67}.Debug|Any CPU.Build.0 = Debug|Any CPU
		{C42CE83F-6D27-4E3C-8B4E-C3694D36CA67}.Release|Any CPU.ActiveCfg = Release|Any CPU
		{C42CE83F-6D27-4E3C-8B4E-C3694D36CA67}.Release|Any CPU.Build.0 = Release|Any CPU
		{D6DCDA38-1C31-4BB8-B23F-791F14B3F39B}.Debug|Any CPU.ActiveCfg = Debug|Any CPU
		{D6DCDA38-1C31-4BB8-B23F-791F14B3F39B}.Debug|Any CPU.Build.0 = Debug|Any CPU
		{D6DCDA38-1C31-4BB8-B23F-791F14B3F39B}.Release|Any CPU.ActiveCfg = Release|Any CPU
		{D6DCDA38-1C31-4BB8-B23F-791F14B3F39B}.Release|Any CPU.Build.0 = Release|Any CPU
		{5DFDFAE7-9EDA-4634-BF24-2B2B4B2C2482}.Debug|Any CPU.ActiveCfg = Debug|Any CPU
		{5DFDFAE7-9EDA-4634-BF24-2B2B4B2C2482}.Debug|Any CPU.Build.0 = Debug|Any CPU
		{5DFDFAE7-9EDA-4634-BF24-2B2B4B2C2482}.Release|Any CPU.ActiveCfg = Release|Any CPU
		{5DFDFAE7-9EDA-4634-BF24-2B2B4B2C2482}.Release|Any CPU.Build.0 = Release|Any CPU
		{6193FDB3-85C1-4B2B-AA27-C84CB696398C}.Debug|Any CPU.ActiveCfg = Debug|Any CPU
		{6193FDB3-85C1-4B2B-AA27-C84CB696398C}.Debug|Any CPU.Build.0 = Debug|Any CPU
		{6193FDB3-85C1-4B2B-AA27-C84CB696398C}.Release|Any CPU.ActiveCfg = Release|Any CPU
		{6193FDB3-85C1-4B2B-AA27-C84CB696398C}.Release|Any CPU.Build.0 = Release|Any CPU
	EndGlobalSection
	GlobalSection(SolutionProperties) = preSolution
		HideSolutionNode = FALSE
	EndGlobalSection
	GlobalSection(ExtensibilityGlobals) = postSolution
		SolutionGuid = {6FB8C4E4-179B-4A40-86D8-169E8D6E4F55}
	EndGlobalSection
EndGlobal
