
Microsoft Visual Studio Solution File, Format Version 12.00
# Visual Studio Version 17
VisualStudioVersion = 17.5.33424.131
MinimumVisualStudioVersion = 10.0.40219.1
Project("{FAE04EC0-301F-11D3-BF4B-00C04F79EFBC}") = "1. Reverse a String", "1. Reverse a String\1. Reverse a String.csproj", "{C5D65CF4-3D50-4901-A494-C8CCF2002C69}"
EndProject
Project("{FAE04EC0-301F-11D3-BF4B-00C04F79EFBC}") = "2. Stack Sum", "2. Stack Sum\2. Stack Sum.csproj", "{A2E6C41A-8686-4D11-B344-25919C929892}"
EndProject
Project("{FAE04EC0-301F-11D3-BF4B-00C04F79EFBC}") = "3. Simple Calculator", "3. Simple Calculator\3. Simple Calculator.csproj", "{89443A3E-A203-44A0-9EF1-B74DF03D44D9}"
EndProject
Project("{FAE04EC0-301F-11D3-BF4B-00C04F79EFBC}") = "4. Matching Brackets", "4. Matching Brackets\4. Matching Brackets.csproj", "{51A7927F-8ACE-495C-A569-6C4E0593C15F}"
EndProject
Project("{FAE04EC0-301F-11D3-BF4B-00C04F79EFBC}") = "5. Print Even Numbers", "5. Print Even Numbers\5. Print Even Numbers.csproj", "{7EA40BCB-4816-475A-B3B3-12447526706C}"
EndProject
Project("{FAE04EC0-301F-11D3-BF4B-00C04F79EFBC}") = "6. Supermarket", "6. Supermarket\6. Supermarket.csproj", "{EABC1A7E-2810-40E6-9D74-87C1E673BEF6}"
EndProject
Project("{FAE04EC0-301F-11D3-BF4B-00C04F79EFBC}") = "7. Hot Potato", "7. Hot Potato\7. Hot Potato.csproj", "{79FBEF22-0B2C-4FF2-BFAB-853765829A1C}"
EndProject
Project("{FAE04EC0-301F-11D3-BF4B-00C04F79EFBC}") = "8. Traffic Jam", "8. Traffic Jam\8. Traffic Jam.csproj", "{5EC61093-6B30-4869-A7AC-871310E1C26E}"
EndProject
Global
	GlobalSection(SolutionConfigurationPlatforms) = preSolution
		Debug|Any CPU = Debug|Any CPU
		Release|Any CPU = Release|Any CPU
	EndGlobalSection
	GlobalSection(ProjectConfigurationPlatforms) = postSolution
		{C5D65CF4-3D50-4901-A494-C8CCF2002C69}.Debug|Any CPU.ActiveCfg = Debug|Any CPU
		{C5D65CF4-3D50-4901-A494-C8CCF2002C69}.Debug|Any CPU.Build.0 = Debug|Any CPU
		{C5D65CF4-3D50-4901-A494-C8CCF2002C69}.Release|Any CPU.ActiveCfg = Release|Any CPU
		{C5D65CF4-3D50-4901-A494-C8CCF2002C69}.Release|Any CPU.Build.0 = Release|Any CPU
		{A2E6C41A-8686-4D11-B344-25919C929892}.Debug|Any CPU.ActiveCfg = Debug|Any CPU
		{A2E6C41A-8686-4D11-B344-25919C929892}.Debug|Any CPU.Build.0 = Debug|Any CPU
		{A2E6C41A-8686-4D11-B344-25919C929892}.Release|Any CPU.ActiveCfg = Release|Any CPU
		{A2E6C41A-8686-4D11-B344-25919C929892}.Release|Any CPU.Build.0 = Release|Any CPU
		{89443A3E-A203-44A0-9EF1-B74DF03D44D9}.Debug|Any CPU.ActiveCfg = Debug|Any CPU
		{89443A3E-A203-44A0-9EF1-B74DF03D44D9}.Debug|Any CPU.Build.0 = Debug|Any CPU
		{89443A3E-A203-44A0-9EF1-B74DF03D44D9}.Release|Any CPU.ActiveCfg = Release|Any CPU
		{89443A3E-A203-44A0-9EF1-B74DF03D44D9}.Release|Any CPU.Build.0 = Release|Any CPU
		{51A7927F-8ACE-495C-A569-6C4E0593C15F}.Debug|Any CPU.ActiveCfg = Debug|Any CPU
		{51A7927F-8ACE-495C-A569-6C4E0593C15F}.Debug|Any CPU.Build.0 = Debug|Any CPU
		{51A7927F-8ACE-495C-A569-6C4E0593C15F}.Release|Any CPU.ActiveCfg = Release|Any CPU
		{51A7927F-8ACE-495C-A569-6C4E0593C15F}.Release|Any CPU.Build.0 = Release|Any CPU
		{7EA40BCB-4816-475A-B3B3-12447526706C}.Debug|Any CPU.ActiveCfg = Debug|Any CPU
		{7EA40BCB-4816-475A-B3B3-12447526706C}.Debug|Any CPU.Build.0 = Debug|Any CPU
		{7EA40BCB-4816-475A-B3B3-12447526706C}.Release|Any CPU.ActiveCfg = Release|Any CPU
		{7EA40BCB-4816-475A-B3B3-12447526706C}.Release|Any CPU.Build.0 = Release|Any CPU
		{EABC1A7E-2810-40E6-9D74-87C1E673BEF6}.Debug|Any CPU.ActiveCfg = Debug|Any CPU
		{EABC1A7E-2810-40E6-9D74-87C1E673BEF6}.Debug|Any CPU.Build.0 = Debug|Any CPU
		{EABC1A7E-2810-40E6-9D74-87C1E673BEF6}.Release|Any CPU.ActiveCfg = Release|Any CPU
		{EABC1A7E-2810-40E6-9D74-87C1E673BEF6}.Release|Any CPU.Build.0 = Release|Any CPU
		{79FBEF22-0B2C-4FF2-BFAB-853765829A1C}.Debug|Any CPU.ActiveCfg = Debug|Any CPU
		{79FBEF22-0B2C-4FF2-BFAB-853765829A1C}.Debug|Any CPU.Build.0 = Debug|Any CPU
		{79FBEF22-0B2C-4FF2-BFAB-853765829A1C}.Release|Any CPU.ActiveCfg = Release|Any CPU
		{79FBEF22-0B2C-4FF2-BFAB-853765829A1C}.Release|Any CPU.Build.0 = Release|Any CPU
		{5EC61093-6B30-4869-A7AC-871310E1C26E}.Debug|Any CPU.ActiveCfg = Debug|Any CPU
		{5EC61093-6B30-4869-A7AC-871310E1C26E}.Debug|Any CPU.Build.0 = Debug|Any CPU
		{5EC61093-6B30-4869-A7AC-871310E1C26E}.Release|Any CPU.ActiveCfg = Release|Any CPU
		{5EC61093-6B30-4869-A7AC-871310E1C26E}.Release|Any CPU.Build.0 = Release|Any CPU
	EndGlobalSection
	GlobalSection(SolutionProperties) = preSolution
		HideSolutionNode = FALSE
	EndGlobalSection
	GlobalSection(ExtensibilityGlobals) = postSolution
		SolutionGuid = {21B4AEA4-34DE-48C1-8416-FA77ED873EC9}
	EndGlobalSection
EndGlobal
