
Microsoft Visual Studio Solution File, Format Version 12.00
# Visual Studio Version 17
VisualStudioVersion = 17.5.33424.131
MinimumVisualStudioVersion = 10.0.40219.1
Project("{9A19103F-16F7-4668-BE54-9A1E7A4F7556}") = "01. Action Print", "01. Action Print\01. Action Print.csproj", "{2163C794-BD28-4379-B15A-F6DEC3E72704}"
EndProject
Project("{9A19103F-16F7-4668-BE54-9A1E7A4F7556}") = "02. Knights of Honor", "02. Knights of Honor\02. Knights of Honor.csproj", "{C0019447-B159-480D-B948-9EF367385FFE}"
EndProject
Project("{9A19103F-16F7-4668-BE54-9A1E7A4F7556}") = "03. Custom Min Function", "03. Custom Min Function\03. Custom Min Function.csproj", "{8F29F432-C809-460B-AE8F-EAB8E888F071}"
EndProject
Project("{9A19103F-16F7-4668-BE54-9A1E7A4F7556}") = "04. Find Evens or Odds", "04. Find Evens or Odds\04. Find Evens or Odds.csproj", "{2A50D61F-C246-4D23-8900-286F9F27D754}"
EndProject
Project("{9A19103F-16F7-4668-BE54-9A1E7A4F7556}") = "05. Applied Arithmetics", "05. Applied Arithmetics\05. Applied Arithmetics.csproj", "{6493C6FD-D42E-4D1F-A29A-DC139D577625}"
EndProject
Project("{9A19103F-16F7-4668-BE54-9A1E7A4F7556}") = "06. Reverse And Exclude", "06. Reverse And Exclude\06. Reverse And Exclude.csproj", "{30E0FD00-E5CC-4F94-9210-0BEC37DD175A}"
EndProject
Project("{9A19103F-16F7-4668-BE54-9A1E7A4F7556}") = "07. Predicate For Names", "07. Predicate For Names\07. Predicate For Names.csproj", "{710A6115-8D63-4023-B2B3-7A310BBCD9A2}"
EndProject
Project("{9A19103F-16F7-4668-BE54-9A1E7A4F7556}") = "08. List Of Predicates", "08. List Of Predicates\08. List Of Predicates.csproj", "{ECFE9E86-BB92-46D7-BCEB-79F5776587E1}"
EndProject
Project("{9A19103F-16F7-4668-BE54-9A1E7A4F7556}") = "09. Predicate Party!", "09. Predicate Party!\09. Predicate Party!.csproj", "{96F07AEF-F921-4FE0-818D-086775F8269E}"
EndProject
Project("{FAE04EC0-301F-11D3-BF4B-00C04F79EFBC}") = "10. The Party Reservation Filter Module", "10. The Party Reservation Filter Module\10. The Party Reservation Filter Module.csproj", "{1C532249-F886-4851-BEB1-89E85AF7CE78}"
EndProject
Project("{FAE04EC0-301F-11D3-BF4B-00C04F79EFBC}") = "11. TriFunction", "11. TriFunction\11. TriFunction.csproj", "{48E2502A-D063-4709-A987-C92E21A42478}"
EndProject
Global
	GlobalSection(SolutionConfigurationPlatforms) = preSolution
		Debug|Any CPU = Debug|Any CPU
		Release|Any CPU = Release|Any CPU
	EndGlobalSection
	GlobalSection(ProjectConfigurationPlatforms) = postSolution
		{2163C794-BD28-4379-B15A-F6DEC3E72704}.Debug|Any CPU.ActiveCfg = Debug|Any CPU
		{2163C794-BD28-4379-B15A-F6DEC3E72704}.Debug|Any CPU.Build.0 = Debug|Any CPU
		{2163C794-BD28-4379-B15A-F6DEC3E72704}.Release|Any CPU.ActiveCfg = Release|Any CPU
		{2163C794-BD28-4379-B15A-F6DEC3E72704}.Release|Any CPU.Build.0 = Release|Any CPU
		{C0019447-B159-480D-B948-9EF367385FFE}.Debug|Any CPU.ActiveCfg = Debug|Any CPU
		{C0019447-B159-480D-B948-9EF367385FFE}.Debug|Any CPU.Build.0 = Debug|Any CPU
		{C0019447-B159-480D-B948-9EF367385FFE}.Release|Any CPU.ActiveCfg = Release|Any CPU
		{C0019447-B159-480D-B948-9EF367385FFE}.Release|Any CPU.Build.0 = Release|Any CPU
		{8F29F432-C809-460B-AE8F-EAB8E888F071}.Debug|Any CPU.ActiveCfg = Debug|Any CPU
		{8F29F432-C809-460B-AE8F-EAB8E888F071}.Debug|Any CPU.Build.0 = Debug|Any CPU
		{8F29F432-C809-460B-AE8F-EAB8E888F071}.Release|Any CPU.ActiveCfg = Release|Any CPU
		{8F29F432-C809-460B-AE8F-EAB8E888F071}.Release|Any CPU.Build.0 = Release|Any CPU
		{2A50D61F-C246-4D23-8900-286F9F27D754}.Debug|Any CPU.ActiveCfg = Debug|Any CPU
		{2A50D61F-C246-4D23-8900-286F9F27D754}.Debug|Any CPU.Build.0 = Debug|Any CPU
		{2A50D61F-C246-4D23-8900-286F9F27D754}.Release|Any CPU.ActiveCfg = Release|Any CPU
		{2A50D61F-C246-4D23-8900-286F9F27D754}.Release|Any CPU.Build.0 = Release|Any CPU
		{6493C6FD-D42E-4D1F-A29A-DC139D577625}.Debug|Any CPU.ActiveCfg = Debug|Any CPU
		{6493C6FD-D42E-4D1F-A29A-DC139D577625}.Debug|Any CPU.Build.0 = Debug|Any CPU
		{6493C6FD-D42E-4D1F-A29A-DC139D577625}.Release|Any CPU.ActiveCfg = Release|Any CPU
		{6493C6FD-D42E-4D1F-A29A-DC139D577625}.Release|Any CPU.Build.0 = Release|Any CPU
		{30E0FD00-E5CC-4F94-9210-0BEC37DD175A}.Debug|Any CPU.ActiveCfg = Debug|Any CPU
		{30E0FD00-E5CC-4F94-9210-0BEC37DD175A}.Debug|Any CPU.Build.0 = Debug|Any CPU
		{30E0FD00-E5CC-4F94-9210-0BEC37DD175A}.Release|Any CPU.ActiveCfg = Release|Any CPU
		{30E0FD00-E5CC-4F94-9210-0BEC37DD175A}.Release|Any CPU.Build.0 = Release|Any CPU
		{710A6115-8D63-4023-B2B3-7A310BBCD9A2}.Debug|Any CPU.ActiveCfg = Debug|Any CPU
		{710A6115-8D63-4023-B2B3-7A310BBCD9A2}.Debug|Any CPU.Build.0 = Debug|Any CPU
		{710A6115-8D63-4023-B2B3-7A310BBCD9A2}.Release|Any CPU.ActiveCfg = Release|Any CPU
		{710A6115-8D63-4023-B2B3-7A310BBCD9A2}.Release|Any CPU.Build.0 = Release|Any CPU
		{ECFE9E86-BB92-46D7-BCEB-79F5776587E1}.Debug|Any CPU.ActiveCfg = Debug|Any CPU
		{ECFE9E86-BB92-46D7-BCEB-79F5776587E1}.Debug|Any CPU.Build.0 = Debug|Any CPU
		{ECFE9E86-BB92-46D7-BCEB-79F5776587E1}.Release|Any CPU.ActiveCfg = Release|Any CPU
		{ECFE9E86-BB92-46D7-BCEB-79F5776587E1}.Release|Any CPU.Build.0 = Release|Any CPU
		{96F07AEF-F921-4FE0-818D-086775F8269E}.Debug|Any CPU.ActiveCfg = Debug|Any CPU
		{96F07AEF-F921-4FE0-818D-086775F8269E}.Debug|Any CPU.Build.0 = Debug|Any CPU
		{96F07AEF-F921-4FE0-818D-086775F8269E}.Release|Any CPU.ActiveCfg = Release|Any CPU
		{96F07AEF-F921-4FE0-818D-086775F8269E}.Release|Any CPU.Build.0 = Release|Any CPU
		{1C532249-F886-4851-BEB1-89E85AF7CE78}.Debug|Any CPU.ActiveCfg = Debug|Any CPU
		{1C532249-F886-4851-BEB1-89E85AF7CE78}.Debug|Any CPU.Build.0 = Debug|Any CPU
		{1C532249-F886-4851-BEB1-89E85AF7CE78}.Release|Any CPU.ActiveCfg = Release|Any CPU
		{1C532249-F886-4851-BEB1-89E85AF7CE78}.Release|Any CPU.Build.0 = Release|Any CPU
		{48E2502A-D063-4709-A987-C92E21A42478}.Debug|Any CPU.ActiveCfg = Debug|Any CPU
		{48E2502A-D063-4709-A987-C92E21A42478}.Debug|Any CPU.Build.0 = Debug|Any CPU
		{48E2502A-D063-4709-A987-C92E21A42478}.Release|Any CPU.ActiveCfg = Release|Any CPU
		{48E2502A-D063-4709-A987-C92E21A42478}.Release|Any CPU.Build.0 = Release|Any CPU
	EndGlobalSection
	GlobalSection(SolutionProperties) = preSolution
		HideSolutionNode = FALSE
	EndGlobalSection
	GlobalSection(ExtensibilityGlobals) = postSolution
		SolutionGuid = {DE913E13-A9C4-4E15-BFEA-4DB7FE594EF2}
	EndGlobalSection
EndGlobal
